// !$*UTF8*$!
{
	archiveVersion = 1;
	classes = {
	};
	objectVersion = 55;
	objects = {

/* Begin PBXBuildFile section */
		2B11855128E8E94E002A702D /* Tests_iOS.swift in Sources */ = {isa = PBXBuildFile; fileRef = 2B11855028E8E94E002A702D /* Tests_iOS.swift */; };
		2B11855328E8E94E002A702D /* Tests_iOSLaunchTests.swift in Sources */ = {isa = PBXBuildFile; fileRef = 2B11855228E8E94E002A702D /* Tests_iOSLaunchTests.swift */; };
		2B11855D28E8E94E002A702D /* Tests_macOS.swift in Sources */ = {isa = PBXBuildFile; fileRef = 2B11855C28E8E94E002A702D /* Tests_macOS.swift */; };
		2B11855F28E8E94E002A702D /* Tests_macOSLaunchTests.swift in Sources */ = {isa = PBXBuildFile; fileRef = 2B11855E28E8E94E002A702D /* Tests_macOSLaunchTests.swift */; };
		2B11856028E8E94E002A702D /* TipCalculatorApp.swift in Sources */ = {isa = PBXBuildFile; fileRef = 2B11853828E8E94C002A702D /* TipCalculatorApp.swift */; };
		2B11856128E8E94E002A702D /* TipCalculatorApp.swift in Sources */ = {isa = PBXBuildFile; fileRef = 2B11853828E8E94C002A702D /* TipCalculatorApp.swift */; };
		2B11856228E8E94E002A702D /* ContentView.swift in Sources */ = {isa = PBXBuildFile; fileRef = 2B11853928E8E94C002A702D /* ContentView.swift */; };
		2B11856328E8E94E002A702D /* ContentView.swift in Sources */ = {isa = PBXBuildFile; fileRef = 2B11853928E8E94C002A702D /* ContentView.swift */; };
		2B11856428E8E94E002A702D /* Assets.xcassets in Resources */ = {isa = PBXBuildFile; fileRef = 2B11853A28E8E94E002A702D /* Assets.xcassets */; };
		2B11856528E8E94E002A702D /* Assets.xcassets in Resources */ = {isa = PBXBuildFile; fileRef = 2B11853A28E8E94E002A702D /* Assets.xcassets */; };
/* End PBXBuildFile section */

/* Begin PBXContainerItemProxy section */
		2B11854D28E8E94E002A702D /* PBXContainerItemProxy */ = {
			isa = PBXContainerItemProxy;
			containerPortal = 2B11853328E8E94C002A702D /* Project object */;
			proxyType = 1;
			remoteGlobalIDString = 2B11853E28E8E94E002A702D;
			remoteInfo = "TipCalculator (iOS)";
		};
		2B11855928E8E94E002A702D /* PBXContainerItemProxy */ = {
			isa = PBXContainerItemProxy;
			containerPortal = 2B11853328E8E94C002A702D /* Project object */;
			proxyType = 1;
			remoteGlobalIDString = 2B11854428E8E94E002A702D;
			remoteInfo = "TipCalculator (macOS)";
		};
/* End PBXContainerItemProxy section */

/* Begin PBXFileReference section */
		2B11853828E8E94C002A702D /* TipCalculatorApp.swift */ = {isa = PBXFileReference; lastKnownFileType = sourcecode.swift; path = TipCalculatorApp.swift; sourceTree = "<group>"; };
		2B11853928E8E94C002A702D /* ContentView.swift */ = {isa = PBXFileReference; lastKnownFileType = sourcecode.swift; path = ContentView.swift; sourceTree = "<group>"; };
		2B11853A28E8E94E002A702D /* Assets.xcassets */ = {isa = PBXFileReference; lastKnownFileType = folder.assetcatalog; path = Assets.xcassets; sourceTree = "<group>"; };
		2B11853F28E8E94E002A702D /* TipCalculator.app */ = {isa = PBXFileReference; explicitFileType = wrapper.application; includeInIndex = 0; path = TipCalculator.app; sourceTree = BUILT_PRODUCTS_DIR; };
		2B11854528E8E94E002A702D /* TipCalculator.app */ = {isa = PBXFileReference; explicitFileType = wrapper.application; includeInIndex = 0; path = TipCalculator.app; sourceTree = BUILT_PRODUCTS_DIR; };
		2B11854728E8E94E002A702D /* macOS.entitlements */ = {isa = PBXFileReference; lastKnownFileType = text.plist.entitlements; path = macOS.entitlements; sourceTree = "<group>"; };
		2B11854C28E8E94E002A702D /* Tests iOS.xctest */ = {isa = PBXFileReference; explicitFileType = wrapper.cfbundle; includeInIndex = 0; path = "Tests iOS.xctest"; sourceTree = BUILT_PRODUCTS_DIR; };
		2B11855028E8E94E002A702D /* Tests_iOS.swift */ = {isa = PBXFileReference; lastKnownFileType = sourcecode.swift; path = Tests_iOS.swift; sourceTree = "<group>"; };
		2B11855228E8E94E002A702D /* Tests_iOSLaunchTests.swift */ = {isa = PBXFileReference; lastKnownFileType = sourcecode.swift; path = Tests_iOSLaunchTests.swift; sourceTree = "<group>"; };
		2B11855828E8E94E002A702D /* Tests macOS.xctest */ = {isa = PBXFileReference; explicitFileType = wrapper.cfbundle; includeInIndex = 0; path = "Tests macOS.xctest"; sourceTree = BUILT_PRODUCTS_DIR; };
		2B11855C28E8E94E002A702D /* Tests_macOS.swift */ = {isa = PBXFileReference; lastKnownFileType = sourcecode.swift; path = Tests_macOS.swift; sourceTree = "<group>"; };
		2B11855E28E8E94E002A702D /* Tests_macOSLaunchTests.swift */ = {isa = PBXFileReference; lastKnownFileType = sourcecode.swift; path = Tests_macOSLaunchTests.swift; sourceTree = "<group>"; };
/* End PBXFileReference section */

/* Begin PBXFrameworksBuildPhase section */
		2B11853C28E8E94E002A702D /* Frameworks */ = {
			isa = PBXFrameworksBuildPhase;
			buildActionMask = 2147483647;
			files = (
			);
			runOnlyForDeploymentPostprocessing = 0;
		};
		2B11854228E8E94E002A702D /* Frameworks */ = {
			isa = PBXFrameworksBuildPhase;
			buildActionMask = 2147483647;
			files = (
			);
			runOnlyForDeploymentPostprocessing = 0;
		};
		2B11854928E8E94E002A702D /* Frameworks */ = {
			isa = PBXFrameworksBuildPhase;
			buildActionMask = 2147483647;
			files = (
			);
			runOnlyForDeploymentPostprocessing = 0;
		};
		2B11855528E8E94E002A702D /* Frameworks */ = {
			isa = PBXFrameworksBuildPhase;
			buildActionMask = 2147483647;
			files = (
			);
			runOnlyForDeploymentPostprocessing = 0;
		};
/* End PBXFrameworksBuildPhase section */

/* Begin PBXGroup section */
		2B11853228E8E94C002A702D = {
			isa = PBXGroup;
			children = (
				2B11853728E8E94C002A702D /* Shared */,
				2B11854628E8E94E002A702D /* macOS */,
				2B11854F28E8E94E002A702D /* Tests iOS */,
				2B11855B28E8E94E002A702D /* Tests macOS */,
				2B11854028E8E94E002A702D /* Products */,
			);
			sourceTree = "<group>";
		};
		2B11853728E8E94C002A702D /* Shared */ = {
			isa = PBXGroup;
			children = (
				2B11853828E8E94C002A702D /* TipCalculatorApp.swift */,
				2B11853928E8E94C002A702D /* ContentView.swift */,
				2B11853A28E8E94E002A702D /* Assets.xcassets */,
			);
			path = Shared;
			sourceTree = "<group>";
		};
		2B11854028E8E94E002A702D /* Products */ = {
			isa = PBXGroup;
			children = (
				2B11853F28E8E94E002A702D /* TipCalculator.app */,
				2B11854528E8E94E002A702D /* TipCalculator.app */,
				2B11854C28E8E94E002A702D /* Tests iOS.xctest */,
				2B11855828E8E94E002A702D /* Tests macOS.xctest */,
			);
			name = Products;
			sourceTree = "<group>";
		};
		2B11854628E8E94E002A702D /* macOS */ = {
			isa = PBXGroup;
			children = (
				2B11854728E8E94E002A702D /* macOS.entitlements */,
			);
			path = macOS;
			sourceTree = "<group>";
		};
		2B11854F28E8E94E002A702D /* Tests iOS */ = {
			isa = PBXGroup;
			children = (
				2B11855028E8E94E002A702D /* Tests_iOS.swift */,
				2B11855228E8E94E002A702D /* Tests_iOSLaunchTests.swift */,
			);
			path = "Tests iOS";
			sourceTree = "<group>";
		};
		2B11855B28E8E94E002A702D /* Tests macOS */ = {
			isa = PBXGroup;
			children = (
				2B11855C28E8E94E002A702D /* Tests_macOS.swift */,
				2B11855E28E8E94E002A702D /* Tests_macOSLaunchTests.swift */,
			);
			path = "Tests macOS";
			sourceTree = "<group>";
		};
/* End PBXGroup section */

/* Begin PBXNativeTarget section */
		2B11853E28E8E94E002A702D /* TipCalculator (iOS) */ = {
			isa = PBXNativeTarget;
			buildConfigurationList = 2B11856828E8E94E002A702D /* Build configuration list for PBXNativeTarget "TipCalculator (iOS)" */;
			buildPhases = (
				2B11853B28E8E94E002A702D /* Sources */,
				2B11853C28E8E94E002A702D /* Frameworks */,
				2B11853D28E8E94E002A702D /* Resources */,
			);
			buildRules = (
			);
			dependencies = (
			);
			name = "TipCalculator (iOS)";
			productName = "TipCalculator (iOS)";
			productReference = 2B11853F28E8E94E002A702D /* TipCalculator.app */;
			productType = "com.apple.product-type.application";
		};
		2B11854428E8E94E002A702D /* TipCalculator (macOS) */ = {
			isa = PBXNativeTarget;
			buildConfigurationList = 2B11856B28E8E94E002A702D /* Build configuration list for PBXNativeTarget "TipCalculator (macOS)" */;
			buildPhases = (
				2B11854128E8E94E002A702D /* Sources */,
				2B11854228E8E94E002A702D /* Frameworks */,
				2B11854328E8E94E002A702D /* Resources */,
			);
			buildRules = (
			);
			dependencies = (
			);
			name = "TipCalculator (macOS)";
			productName = "TipCalculator (macOS)";
			productReference = 2B11854528E8E94E002A702D /* TipCalculator.app */;
			productType = "com.apple.product-type.application";
		};
		2B11854B28E8E94E002A702D /* Tests iOS */ = {
			isa = PBXNativeTarget;
			buildConfigurationList = 2B11856E28E8E94E002A702D /* Build configuration list for PBXNativeTarget "Tests iOS" */;
			buildPhases = (
				2B11854828E8E94E002A702D /* Sources */,
				2B11854928E8E94E002A702D /* Frameworks */,
				2B11854A28E8E94E002A702D /* Resources */,
			);
			buildRules = (
			);
			dependencies = (
				2B11854E28E8E94E002A702D /* PBXTargetDependency */,
			);
			name = "Tests iOS";
			productName = "Tests iOS";
			productReference = 2B11854C28E8E94E002A702D /* Tests iOS.xctest */;
			productType = "com.apple.product-type.bundle.ui-testing";
		};
		2B11855728E8E94E002A702D /* Tests macOS */ = {
			isa = PBXNativeTarget;
			buildConfigurationList = 2B11857128E8E94E002A702D /* Build configuration list for PBXNativeTarget "Tests macOS" */;
			buildPhases = (
				2B11855428E8E94E002A702D /* Sources */,
				2B11855528E8E94E002A702D /* Frameworks */,
				2B11855628E8E94E002A702D /* Resources */,
			);
			buildRules = (
			);
			dependencies = (
				2B11855A28E8E94E002A702D /* PBXTargetDependency */,
			);
			name = "Tests macOS";
			productName = "Tests macOS";
			productReference = 2B11855828E8E94E002A702D /* Tests macOS.xctest */;
			productType = "com.apple.product-type.bundle.ui-testing";
		};
/* End PBXNativeTarget section */

/* Begin PBXProject section */
		2B11853328E8E94C002A702D /* Project object */ = {
			isa = PBXProject;
			attributes = {
				BuildIndependentTargetsInParallel = 1;
				LastSwiftUpdateCheck = 1340;
				LastUpgradeCheck = 1340;
				TargetAttributes = {
					2B11853E28E8E94E002A702D = {
						CreatedOnToolsVersion = 13.4;
					};
					2B11854428E8E94E002A702D = {
						CreatedOnToolsVersion = 13.4;
					};
					2B11854B28E8E94E002A702D = {
						CreatedOnToolsVersion = 13.4;
						TestTargetID = 2B11853E28E8E94E002A702D;
					};
					2B11855728E8E94E002A702D = {
						CreatedOnToolsVersion = 13.4;
						TestTargetID = 2B11854428E8E94E002A702D;
					};
				};
			};
			buildConfigurationList = 2B11853628E8E94C002A702D /* Build configuration list for PBXProject "TipCalculator" */;
			compatibilityVersion = "Xcode 13.0";
			developmentRegion = en;
			hasScannedForEncodings = 0;
			knownRegions = (
				en,
				Base,
			);
			mainGroup = 2B11853228E8E94C002A702D;
			productRefGroup = 2B11854028E8E94E002A702D /* Products */;
			projectDirPath = "";
			projectRoot = "";
			targets = (
				2B11853E28E8E94E002A702D /* TipCalculator (iOS) */,
				2B11854428E8E94E002A702D /* TipCalculator (macOS) */,
				2B11854B28E8E94E002A702D /* Tests iOS */,
				2B11855728E8E94E002A702D /* Tests macOS */,
			);
		};
/* End PBXProject section */

/* Begin PBXResourcesBuildPhase section */
		2B11853D28E8E94E002A702D /* Resources */ = {
			isa = PBXResourcesBuildPhase;
			buildActionMask = 2147483647;
			files = (
				2B11856428E8E94E002A702D /* Assets.xcassets in Resources */,
			);
			runOnlyForDeploymentPostprocessing = 0;
		};
		2B11854328E8E94E002A702D /* Resources */ = {
			isa = PBXResourcesBuildPhase;
			buildActionMask = 2147483647;
			files = (
				2B11856528E8E94E002A702D /* Assets.xcassets in Resources */,
			);
			runOnlyForDeploymentPostprocessing = 0;
		};
		2B11854A28E8E94E002A702D /* Resources */ = {
			isa = PBXResourcesBuildPhase;
			buildActionMask = 2147483647;
			files = (
			);
			runOnlyForDeploymentPostprocessing = 0;
		};
		2B11855628E8E94E002A702D /* Resources */ = {
			isa = PBXResourcesBuildPhase;
			buildActionMask = 2147483647;
			files = (
			);
			runOnlyForDeploymentPostprocessing = 0;
		};
/* End PBXResourcesBuildPhase section */

/* Begin PBXSourcesBuildPhase section */
		2B11853B28E8E94E002A702D /* Sources */ = {
			isa = PBXSourcesBuildPhase;
			buildActionMask = 2147483647;
			files = (
				2B11856228E8E94E002A702D /* ContentView.swift in Sources */,
				2B11856028E8E94E002A702D /* TipCalculatorApp.swift in Sources */,
			);
			runOnlyForDeploymentPostprocessing = 0;
		};
		2B11854128E8E94E002A702D /* Sources */ = {
			isa = PBXSourcesBuildPhase;
			buildActionMask = 2147483647;
			files = (
				2B11856328E8E94E002A702D /* ContentView.swift in Sources */,
				2B11856128E8E94E002A702D /* TipCalculatorApp.swift in Sources */,
			);
			runOnlyForDeploymentPostprocessing = 0;
		};
		2B11854828E8E94E002A702D /* Sources */ = {
			isa = PBXSourcesBuildPhase;
			buildActionMask = 2147483647;
			files = (
				2B11855328E8E94E002A702D /* Tests_iOSLaunchTests.swift in Sources */,
				2B11855128E8E94E002A702D /* Tests_iOS.swift in Sources */,
			);
			runOnlyForDeploymentPostprocessing = 0;
		};
		2B11855428E8E94E002A702D /* Sources */ = {
			isa = PBXSourcesBuildPhase;
			buildActionMask = 2147483647;
			files = (
				2B11855F28E8E94E002A702D /* Tests_macOSLaunchTests.swift in Sources */,
				2B11855D28E8E94E002A702D /* Tests_macOS.swift in Sources */,
			);
			runOnlyForDeploymentPostprocessing = 0;
		};
/* End PBXSourcesBuildPhase section */

/* Begin PBXTargetDependency section */
		2B11854E28E8E94E002A702D /* PBXTargetDependency */ = {
			isa = PBXTargetDependency;
			target = 2B11853E28E8E94E002A702D /* TipCalculator (iOS) */;
			targetProxy = 2B11854D28E8E94E002A702D /* PBXContainerItemProxy */;
		};
		2B11855A28E8E94E002A702D /* PBXTargetDependency */ = {
			isa = PBXTargetDependency;
			target = 2B11854428E8E94E002A702D /* TipCalculator (macOS) */;
			targetProxy = 2B11855928E8E94E002A702D /* PBXContainerItemProxy */;
		};
/* End PBXTargetDependency section */

/* Begin XCBuildConfiguration section */
		2B11856628E8E94E002A702D /* Debug */ = {
			isa = XCBuildConfiguration;
			buildSettings = {
				ALWAYS_SEARCH_USER_PATHS = NO;
				CLANG_ANALYZER_NONNULL = YES;
				CLANG_ANALYZER_NUMBER_OBJECT_CONVERSION = YES_AGGRESSIVE;
				CLANG_CXX_LANGUAGE_STANDARD = "gnu++17";
				CLANG_ENABLE_MODULES = YES;
				CLANG_ENABLE_OBJC_ARC = YES;
				CLANG_ENABLE_OBJC_WEAK = YES;
				CLANG_WARN_BLOCK_CAPTURE_AUTORELEASING = YES;
				CLANG_WARN_BOOL_CONVERSION = YES;
				CLANG_WARN_COMMA = YES;
				CLANG_WARN_CONSTANT_CONVERSION = YES;
				CLANG_WARN_DEPRECATED_OBJC_IMPLEMENTATIONS = YES;
				CLANG_WARN_DIRECT_OBJC_ISA_USAGE = YES_ERROR;
				CLANG_WARN_DOCUMENTATION_COMMENTS = YES;
				CLANG_WARN_EMPTY_BODY = YES;
				CLANG_WARN_ENUM_CONVERSION = YES;
				CLANG_WARN_INFINITE_RECURSION = YES;
				CLANG_WARN_INT_CONVERSION = YES;
				CLANG_WARN_NON_LITERAL_NULL_CONVERSION = YES;
				CLANG_WARN_OBJC_IMPLICIT_RETAIN_SELF = YES;
				CLANG_WARN_OBJC_LITERAL_CONVERSION = YES;
				CLANG_WARN_OBJC_ROOT_CLASS = YES_ERROR;
				CLANG_WARN_QUOTED_INCLUDE_IN_FRAMEWORK_HEADER = YES;
				CLANG_WARN_RANGE_LOOP_ANALYSIS = YES;
				CLANG_WARN_STRICT_PROTOTYPES = YES;
				CLANG_WARN_SUSPICIOUS_MOVE = YES;
				CLANG_WARN_UNGUARDED_AVAILABILITY = YES_AGGRESSIVE;
				CLANG_WARN_UNREACHABLE_CODE = YES;
				CLANG_WARN__DUPLICATE_METHOD_MATCH = YES;
				COPY_PHASE_STRIP = NO;
				DEBUG_INFORMATION_FORMAT = dwarf;
				ENABLE_STRICT_OBJC_MSGSEND = YES;
				ENABLE_TESTABILITY = YES;
				GCC_C_LANGUAGE_STANDARD = gnu11;
				GCC_DYNAMIC_NO_PIC = NO;
				GCC_NO_COMMON_BLOCKS = YES;
				GCC_OPTIMIZATION_LEVEL = 0;
				GCC_PREPROCESSOR_DEFINITIONS = (
					"DEBUG=1",
					"$(inherited)",
				);
				GCC_WARN_64_TO_32_BIT_CONVERSION = YES;
				GCC_WARN_ABOUT_RETURN_TYPE = YES_ERROR;
				GCC_WARN_UNDECLARED_SELECTOR = YES;
				GCC_WARN_UNINITIALIZED_AUTOS = YES_AGGRESSIVE;
				GCC_WARN_UNUSED_FUNCTION = YES;
				GCC_WARN_UNUSED_VARIABLE = YES;
				MTL_ENABLE_DEBUG_INFO = INCLUDE_SOURCE;
				MTL_FAST_MATH = YES;
				ONLY_ACTIVE_ARCH = YES;
				SWIFT_ACTIVE_COMPILATION_CONDITIONS = DEBUG;
				SWIFT_OPTIMIZATION_LEVEL = "-Onone";
			};
			name = Debug;
		};
		2B11856728E8E94E002A702D /* Release */ = {
			isa = XCBuildConfiguration;
			buildSettings = {
				ALWAYS_SEARCH_USER_PATHS = NO;
				CLANG_ANALYZER_NONNULL = YES;
				CLANG_ANALYZER_NUMBER_OBJECT_CONVERSION = YES_AGGRESSIVE;
				CLANG_CXX_LANGUAGE_STANDARD = "gnu++17";
				CLANG_ENABLE_MODULES = YES;
				CLANG_ENABLE_OBJC_ARC = YES;
				CLANG_ENABLE_OBJC_WEAK = YES;
				CLANG_WARN_BLOCK_CAPTURE_AUTORELEASING = YES;
				CLANG_WARN_BOOL_CONVERSION = YES;
				CLANG_WARN_COMMA = YES;
				CLANG_WARN_CONSTANT_CONVERSION = YES;
				CLANG_WARN_DEPRECATED_OBJC_IMPLEMENTATIONS = YES;
				CLANG_WARN_DIRECT_OBJC_ISA_USAGE = YES_ERROR;
				CLANG_WARN_DOCUMENTATION_COMMENTS = YES;
				CLANG_WARN_EMPTY_BODY = YES;
				CLANG_WARN_ENUM_CONVERSION = YES;
				CLANG_WARN_INFINITE_RECURSION = YES;
				CLANG_WARN_INT_CONVERSION = YES;
				CLANG_WARN_NON_LITERAL_NULL_CONVERSION = YES;
				CLANG_WARN_OBJC_IMPLICIT_RETAIN_SELF = YES;
				CLANG_WARN_OBJC_LITERAL_CONVERSION = YES;
				CLANG_WARN_OBJC_ROOT_CLASS = YES_ERROR;
				CLANG_WARN_QUOTED_INCLUDE_IN_FRAMEWORK_HEADER = YES;
				CLANG_WARN_RANGE_LOOP_ANALYSIS = YES;
				CLANG_WARN_STRICT_PROTOTYPES = YES;
				CLANG_WARN_SUSPICIOUS_MOVE = YES;
				CLANG_WARN_UNGUARDED_AVAILABILITY = YES_AGGRESSIVE;
				CLANG_WARN_UNREACHABLE_CODE = YES;
				CLANG_WARN__DUPLICATE_METHOD_MATCH = YES;
				COPY_PHASE_STRIP = NO;
				DEBUG_INFORMATION_FORMAT = "dwarf-with-dsym";
				ENABLE_NS_ASSERTIONS = NO;
				ENABLE_STRICT_OBJC_MSGSEND = YES;
				GCC_C_LANGUAGE_STANDARD = gnu11;
				GCC_NO_COMMON_BLOCKS = YES;
				GCC_WARN_64_TO_32_BIT_CONVERSION = YES;
				GCC_WARN_ABOUT_RETURN_TYPE = YES_ERROR;
				GCC_WARN_UNDECLARED_SELECTOR = YES;
				GCC_WARN_UNINITIALIZED_AUTOS = YES_AGGRESSIVE;
				GCC_WARN_UNUSED_FUNCTION = YES;
				GCC_WARN_UNUSED_VARIABLE = YES;
				MTL_ENABLE_DEBUG_INFO = NO;
				MTL_FAST_MATH = YES;
				SWIFT_COMPILATION_MODE = wholemodule;
				SWIFT_OPTIMIZATION_LEVEL = "-O";
			};
			name = Release;
		};
		2B11856928E8E94E002A702D /* Debug */ = {
			isa = XCBuildConfiguration;
			buildSettings = {
				ASSETCATALOG_COMPILER_APPICON_NAME = AppIcon;
				ASSETCATALOG_COMPILER_GLOBAL_ACCENT_COLOR_NAME = AccentColor;
				CODE_SIGN_STYLE = Automatic;
				CURRENT_PROJECT_VERSION = 1;
				DEVELOPMENT_TEAM = 7CLSU6XM4N;
				ENABLE_PREVIEWS = YES;
				GENERATE_INFOPLIST_FILE = YES;
				INFOPLIST_KEY_UIApplicationSceneManifest_Generation = YES;
				INFOPLIST_KEY_UIApplicationSupportsIndirectInputEvents = YES;
				INFOPLIST_KEY_UILaunchScreen_Generation = YES;
				INFOPLIST_KEY_UISupportedInterfaceOrientations_iPad = "UIInterfaceOrientationPortrait UIInterfaceOrientationPortraitUpsideDown UIInterfaceOrientationLandscapeLeft UIInterfaceOrientationLandscapeRight";
				INFOPLIST_KEY_UISupportedInterfaceOrientations_iPhone = "UIInterfaceOrientationPortrait UIInterfaceOrientationLandscapeLeft UIInterfaceOrientationLandscapeRight";
				IPHONEOS_DEPLOYMENT_TARGET = 15.5;
				LD_RUNPATH_SEARCH_PATHS = (
					"$(inherited)",
					"@executable_path/Frameworks",
				);
				MARKETING_VERSION = 1.0;
				PRODUCT_BUNDLE_IDENTIFIER = com.jasmeanfernando.TipCalculator;
				PRODUCT_NAME = TipCalculator;
				SDKROOT = iphoneos;
				SWIFT_EMIT_LOC_STRINGS = YES;
				SWIFT_VERSION = 5.0;
				TARGETED_DEVICE_FAMILY = "1,2";
			};
			name = Debug;
		};
		2B11856A28E8E94E002A702D /* Release */ = {
			isa = XCBuildConfiguration;
			buildSettings = {
				ASSETCATALOG_COMPILER_APPICON_NAME = AppIcon;
				ASSETCATALOG_COMPILER_GLOBAL_ACCENT_COLOR_NAME = AccentColor;
				CODE_SIGN_STYLE = Automatic;
				CURRENT_PROJECT_VERSION = 1;
				DEVELOPMENT_TEAM = 7CLSU6XM4N;
				ENABLE_PREVIEWS = YES;
				GENERATE_INFOPLIST_FILE = YES;
				INFOPLIST_KEY_UIApplicationSceneManifest_Generation = YES;
				INFOPLIST_KEY_UIApplicationSupportsIndirectInputEvents = YES;
				INFOPLIST_KEY_UILaunchScreen_Generation = YES;
				INFOPLIST_KEY_UISupportedInterfaceOrientations_iPad = "UIInterfaceOrientationPortrait UIInterfaceOrientationPortraitUpsideDown UIInterfaceOrientationLandscapeLeft UIInterfaceOrientationLandscapeRight";
				INFOPLIST_KEY_UISupportedInterfaceOrientations_iPhone = "UIInterfaceOrientationPortrait UIInterfaceOrientationLandscapeLeft UIInterfaceOrientationLandscapeRight";
				IPHONEOS_DEPLOYMENT_TARGET = 15.5;
				LD_RUNPATH_SEARCH_PATHS = (
					"$(inherited)",
					"@executable_path/Frameworks",
				);
				MARKETING_VERSION = 1.0;
				PRODUCT_BUNDLE_IDENTIFIER = com.jasmeanfernando.TipCalculator;
				PRODUCT_NAME = TipCalculator;
				SDKROOT = iphoneos;
				SWIFT_EMIT_LOC_STRINGS = YES;
				SWIFT_VERSION = 5.0;
				TARGETED_DEVICE_FAMILY = "1,2";
				VALIDATE_PRODUCT = YES;
			};
			name = Release;
		};
		2B11856C28E8E94E002A702D /* Debug */ = {
			isa = XCBuildConfiguration;
			buildSettings = {
				ASSETCATALOG_COMPILER_APPICON_NAME = AppIcon;
				ASSETCATALOG_COMPILER_GLOBAL_ACCENT_COLOR_NAME = AccentColor;
				CODE_SIGN_ENTITLEMENTS = macOS/macOS.entitlements;
				CODE_SIGN_STYLE = Automatic;
				COMBINE_HIDPI_IMAGES = YES;
				CURRENT_PROJECT_VERSION = 1;
				DEVELOPMENT_TEAM = 7CLSU6XM4N;
				ENABLE_HARDENED_RUNTIME = YES;
				ENABLE_PREVIEWS = YES;
				GENERATE_INFOPLIST_FILE = YES;
				INFOPLIST_KEY_NSHumanReadableCopyright = "";
				LD_RUNPATH_SEARCH_PATHS = (
					"$(inherited)",
					"@executable_path/../Frameworks",
				);
				MACOSX_DEPLOYMENT_TARGET = 12.3;
				MARKETING_VERSION = 1.0;
				PRODUCT_BUNDLE_IDENTIFIER = com.jasmeanfernando.TipCalculator;
				PRODUCT_NAME = TipCalculator;
				SDKROOT = macosx;
				SWIFT_EMIT_LOC_STRINGS = YES;
				SWIFT_VERSION = 5.0;
			};
			name = Debug;
		};
		2B11856D28E8E94E002A702D /* Release */ = {
			isa = XCBuildConfiguration;
			buildSettings = {
				ASSETCATALOG_COMPILER_APPICON_NAME = AppIcon;
				ASSETCATALOG_COMPILER_GLOBAL_ACCENT_COLOR_NAME = AccentColor;
				CODE_SIGN_ENTITLEMENTS = macOS/macOS.entitlements;
				CODE_SIGN_STYLE = Automatic;
				COMBINE_HIDPI_IMAGES = YES;
				CURRENT_PROJECT_VERSION = 1;
				DEVELOPMENT_TEAM = 7CLSU6XM4N;
				ENABLE_HARDENED_RUNTIME = YES;
				ENABLE_PREVIEWS = YES;
				GENERATE_INFOPLIST_FILE = YES;
				INFOPLIST_KEY_NSHumanReadableCopyright = "";
				LD_RUNPATH_SEARCH_PATHS = (
					"$(inherited)",
					"@executable_path/../Frameworks",
				);
				MACOSX_DEPLOYMENT_TARGET = 12.3;
				MARKETING_VERSION = 1.0;
				PRODUCT_BUNDLE_IDENTIFIER = com.jasmeanfernando.TipCalculator;
				PRODUCT_NAME = TipCalculator;
				SDKROOT = macosx;
				SWIFT_EMIT_LOC_STRINGS = YES;
				SWIFT_VERSION = 5.0;
			};
			name = Release;
		};
		2B11856F28E8E94E002A702D /* Debug */ = {
			isa = XCBuildConfiguration;
			buildSettings = {
				ALWAYS_EMBED_SWIFT_STANDARD_LIBRARIES = YES;
				CODE_SIGN_STYLE = Automatic;
				CURRENT_PROJECT_VERSION = 1;
				DEVELOPMENT_TEAM = 7CLSU6XM4N;
				GENERATE_INFOPLIST_FILE = YES;
				IPHONEOS_DEPLOYMENT_TARGET = 15.5;
				MARKETING_VERSION = 1.0;
				PRODUCT_BUNDLE_IDENTIFIER = "com.jasmeanfernando.Tests-iOS";
				PRODUCT_NAME = "$(TARGET_NAME)";
				SDKROOT = iphoneos;
				SWIFT_EMIT_LOC_STRINGS = NO;
				SWIFT_VERSION = 5.0;
				TARGETED_DEVICE_FAMILY = "1,2";
				TEST_TARGET_NAME = "TipCalculator (iOS)";
			};
			name = Debug;
		};
		2B11857028E8E94E002A702D /* Release */ = {
			isa = XCBuildConfiguration;
			buildSettings = {
				ALWAYS_EMBED_SWIFT_STANDARD_LIBRARIES = YES;
				CODE_SIGN_STYLE = Automatic;
				CURRENT_PROJECT_VERSION = 1;
				DEVELOPMENT_TEAM = 7CLSU6XM4N;
				GENERATE_INFOPLIST_FILE = YES;
				IPHONEOS_DEPLOYMENT_TARGET = 15.5;
				MARKETING_VERSION = 1.0;
				PRODUCT_BUNDLE_IDENTIFIER = "com.jasmeanfernando.Tests-iOS";
				PRODUCT_NAME = "$(TARGET_NAME)";
				SDKROOT = iphoneos;
				SWIFT_EMIT_LOC_STRINGS = NO;
				SWIFT_VERSION = 5.0;
				TARGETED_DEVICE_FAMILY = "1,2";
				TEST_TARGET_NAME = "TipCalculator (iOS)";
				VALIDATE_PRODUCT = YES;
			};
			name = Release;
		};
		2B11857228E8E94E002A702D /* Debug */ = {
			isa = XCBuildConfiguration;
			buildSettings = {
				ALWAYS_EMBED_SWIFT_STANDARD_LIBRARIES = YES;
				CODE_SIGN_STYLE = Automatic;
				CURRENT_PROJECT_VERSION = 1;
				DEVELOPMENT_TEAM = 7CLSU6XM4N;
				GENERATE_INFOPLIST_FILE = YES;
				MACOSX_DEPLOYMENT_TARGET = 12.3;
				MARKETING_VERSION = 1.0;
				PRODUCT_BUNDLE_IDENTIFIER = "com.jasmeanfernando.Tests-macOS";
				PRODUCT_NAME = "$(TARGET_NAME)";
				SDKROOT = macosx;
				SWIFT_EMIT_LOC_STRINGS = NO;
				SWIFT_VERSION = 5.0;
				TEST_TARGET_NAME = "TipCalculator (macOS)";
			};
			name = Debug;
		};
		2B11857328E8E94E002A702D /* Release */ = {
			isa = XCBuildConfiguration;
			buildSettings = {
				ALWAYS_EMBED_SWIFT_STANDARD_LIBRARIES = YES;
				CODE_SIGN_STYLE = Automatic;
				CURRENT_PROJECT_VERSION = 1;
				DEVELOPMENT_TEAM = 7CLSU6XM4N;
				GENERATE_INFOPLIST_FILE = YES;
				MACOSX_DEPLOYMENT_TARGET = 12.3;
				MARKETING_VERSION = 1.0;
				PRODUCT_BUNDLE_IDENTIFIER = "com.jasmeanfernando.Tests-macOS";
				PRODUCT_NAME = "$(TARGET_NAME)";
				SDKROOT = macosx;
				SWIFT_EMIT_LOC_STRINGS = NO;
				SWIFT_VERSION = 5.0;
				TEST_TARGET_NAME = "TipCalculator (macOS)";
			};
			name = Release;
		};
/* End XCBuildConfiguration section */

/* Begin XCConfigurationList section */
		2B11853628E8E94C002A702D /* Build configuration list for PBXProject "TipCalculator" */ = {
			isa = XCConfigurationList;
			buildConfigurations = (
				2B11856628E8E94E002A702D /* Debug */,
				2B11856728E8E94E002A702D /* Release */,
			);
			defaultConfigurationIsVisible = 0;
			defaultConfigurationName = Release;
		};
		2B11856828E8E94E002A702D /* Build configuration list for PBXNativeTarget "TipCalculator (iOS)" */ = {
			isa = XCConfigurationList;
			buildConfigurations = (
				2B11856928E8E94E002A702D /* Debug */,
				2B11856A28E8E94E002A702D /* Release */,
			);
			defaultConfigurationIsVisible = 0;
			defaultConfigurationName = Release;
		};
		2B11856B28E8E94E002A702D /* Build configuration list for PBXNativeTarget "TipCalculator (macOS)" */ = {
			isa = XCConfigurationList;
			buildConfigurations = (
				2B11856C28E8E94E002A702D /* Debug */,
				2B11856D28E8E94E002A702D /* Release */,
			);
			defaultConfigurationIsVisible = 0;
			defaultConfigurationName = Release;
		};
		2B11856E28E8E94E002A702D /* Build configuration list for PBXNativeTarget "Tests iOS" */ = {
			isa = XCConfigurationList;
			buildConfigurations = (
				2B11856F28E8E94E002A702D /* Debug */,
				2B11857028E8E94E002A702D /* Release */,
			);
			defaultConfigurationIsVisible = 0;
			defaultConfigurationName = Release;
		};
		2B11857128E8E94E002A702D /* Build configuration list for PBXNativeTarget "Tests macOS" */ = {
			isa = XCConfigurationList;
			buildConfigurations = (
				2B11857228E8E94E002A702D /* Debug */,
				2B11857328E8E94E002A702D /* Release */,
			);
			defaultConfigurationIsVisible = 0;
			defaultConfigurationName = Release;
		};
/* End XCConfigurationList section */
	};
	rootObject = 2B11853328E8E94C002A702D /* Project object */;
}
